
Microsoft Visual Studio Solution File, Format Version 12.00
# Visual Studio 2013
VisualStudioVersion = 12.0.30501.0
MinimumVisualStudioVersion = 10.0.40219.1
Project("{FAE04EC0-301F-11D3-BF4B-00C04F79EFBC}") = "FamilyManagement", "FamilyManagement\FamilyManagement.csproj", "{BCF1BD33-361D-4DB0-8C70-86B4BF0FC213}"
EndProject
Project("{FAE04EC0-301F-11D3-BF4B-00C04F79EFBC}") = "Provider", "Provider\Provider.csproj", "{22DD9A50-A958-48BC-B5CD-C603BC9BCD0F}"
EndProject
Global
	GlobalSection(SolutionConfigurationPlatforms) = preSolution
		Debug|Any CPU = Debug|Any CPU
		Release|Any CPU = Release|Any CPU
	EndGlobalSection
	GlobalSection(ProjectConfigurationPlatforms) = postSolution
		{BCF1BD33-361D-4DB0-8C70-86B4BF0FC213}.Debug|Any CPU.ActiveCfg = Debug|Any CPU
		{BCF1BD33-361D-4DB0-8C70-86B4BF0FC213}.Debug|Any CPU.Build.0 = Debug|Any CPU
		{BCF1BD33-361D-4DB0-8C70-86B4BF0FC213}.Release|Any CPU.ActiveCfg = Release|Any CPU
		{BCF1BD33-361D-4DB0-8C70-86B4BF0FC213}.Release|Any CPU.Build.0 = Release|Any CPU
		{22DD9A50-A958-48BC-B5CD-C603BC9BCD0F}.Debug|Any CPU.ActiveCfg = Debug|Any CPU
		{22DD9A50-A958-48BC-B5CD-C603BC9BCD0F}.Debug|Any CPU.Build.0 = Debug|Any CPU
		{22DD9A50-A958-48BC-B5CD-C603BC9BCD0F}.Release|Any CPU.ActiveCfg = Release|Any CPU
		{22DD9A50-A958-48BC-B5CD-C603BC9BCD0F}.Release|Any CPU.Build.0 = Release|Any CPU
	EndGlobalSection
	GlobalSection(SolutionProperties) = preSolution
		HideSolutionNode = FALSE
	EndGlobalSection
EndGlobal
